// !$*UTF8*$!
{
	archiveVersion = 1;
	classes = {
	};
	objectVersion = 56;
	objects = {

/* Begin PBXBuildFile section */
		8700A0042B17B7D500448D1C /* ProfileModel.swift in Sources */ = {isa = PBXBuildFile; fileRef = 8700A0032B17B7D500448D1C /* ProfileModel.swift */; };
		8700A00B2B17F00F00448D1C /* ProfileViewController.swift in Sources */ = {isa = PBXBuildFile; fileRef = 8700A00A2B17F00F00448D1C /* ProfileViewController.swift */; };
		871FF6EB2B24EFED002B5BE1 /* DataService.swift in Sources */ = {isa = PBXBuildFile; fileRef = 871FF6EA2B24EFED002B5BE1 /* DataService.swift */; };
		871FF6F12B251879002B5BE1 /* CoreData.xcdatamodeld in Sources */ = {isa = PBXBuildFile; fileRef = 871FF6EF2B251879002B5BE1 /* CoreData.xcdatamodeld */; };
		87252F162B21F6FB0095B182 /* Theme.swift in Sources */ = {isa = PBXBuildFile; fileRef = 87252F152B21F6FB0095B182 /* Theme.swift */; };
		87252F182B21FACE0095B182 /* ThemeViewController.swift in Sources */ = {isa = PBXBuildFile; fileRef = 87252F172B21FACE0095B182 /* ThemeViewController.swift */; };
		8741DE4C2B0CF2000087A78D /* NetworkService.swift in Sources */ = {isa = PBXBuildFile; fileRef = 8741DE4B2B0CF2000087A78D /* NetworkService.swift */; };
		8741DE4E2B0CFA420087A78D /* FriendsModel.swift in Sources */ = {isa = PBXBuildFile; fileRef = 8741DE4D2B0CFA420087A78D /* FriendsModel.swift */; };
		8741DE502B0D0E0F0087A78D /* GroupsModel.swift in Sources */ = {isa = PBXBuildFile; fileRef = 8741DE4F2B0D0E0F0087A78D /* GroupsModel.swift */; };
		8741DE522B0D0E380087A78D /* PhotosModel.swift in Sources */ = {isa = PBXBuildFile; fileRef = 8741DE512B0D0E380087A78D /* PhotosModel.swift */; };
		8769246A2B2BDEF8003CF979 /* .swiftlint.yml in Resources */ = {isa = PBXBuildFile; fileRef = 8765943A2B2BC4C9004F1DF0 /* .swiftlint.yml */; };
		8769247A2B2CC20E003CF979 /* FriendsViewControllerTests.swift in Sources */ = {isa = PBXBuildFile; fileRef = 876924792B2CC20E003CF979 /* FriendsViewControllerTests.swift */; };
		8769247C2B2CC3BC003CF979 /* FriendsViewControllerSpy.swift in Sources */ = {isa = PBXBuildFile; fileRef = 8769247B2B2CC3BC003CF979 /* FriendsViewControllerSpy.swift */; };
		878516B42AC593B2006A3140 /* AppDelegate.swift in Sources */ = {isa = PBXBuildFile; fileRef = 878516B32AC593B2006A3140 /* AppDelegate.swift */; };
		878516B62AC593B2006A3140 /* SceneDelegate.swift in Sources */ = {isa = PBXBuildFile; fileRef = 878516B52AC593B2006A3140 /* SceneDelegate.swift */; };
		878516B82AC593B2006A3140 /* ViewController.swift in Sources */ = {isa = PBXBuildFile; fileRef = 878516B72AC593B2006A3140 /* ViewController.swift */; };
		878516BD2AC593B4006A3140 /* Assets.xcassets in Resources */ = {isa = PBXBuildFile; fileRef = 878516BC2AC593B4006A3140 /* Assets.xcassets */; };
		878516C02AC593B4006A3140 /* LaunchScreen.storyboard in Resources */ = {isa = PBXBuildFile; fileRef = 878516BE2AC593B4006A3140 /* LaunchScreen.storyboard */; };
		87AA803A2ACAD8A30042B77A /* GroupCell.swift in Sources */ = {isa = PBXBuildFile; fileRef = 87AA80392ACAD8A30042B77A /* GroupCell.swift */; };
		87AA803C2ACAD9230042B77A /* PhotoCell.swift in Sources */ = {isa = PBXBuildFile; fileRef = 87AA803B2ACAD9230042B77A /* PhotoCell.swift */; };
		87AA803E2ACAE23B0042B77A /* GroupsViewController.swift in Sources */ = {isa = PBXBuildFile; fileRef = 87AA803D2ACAE23B0042B77A /* GroupsViewController.swift */; };
		87AA80402ACAE2680042B77A /* PhotosViewController.swift in Sources */ = {isa = PBXBuildFile; fileRef = 87AA803F2ACAE2680042B77A /* PhotosViewController.swift */; };
		87AA80422ACAE6F80042B77A /* Constants.swift in Sources */ = {isa = PBXBuildFile; fileRef = 87AA80412ACAE6F80042B77A /* Constants.swift */; };
		87D801892AC73A710005053F /* FriendsViewController.swift in Sources */ = {isa = PBXBuildFile; fileRef = 87D801882AC73A710005053F /* FriendsViewController.swift */; };
		87D8018B2AC73DB80005053F /* FriendCell.swift in Sources */ = {isa = PBXBuildFile; fileRef = 87D8018A2AC73DB80005053F /* FriendCell.swift */; };
		87DB464E2B27D6120088F4CF /* DateConverter.swift in Sources */ = {isa = PBXBuildFile; fileRef = 87DB464D2B27D6120088F4CF /* DateConverter.swift */; };
/* End PBXBuildFile section */

/* Begin PBXContainerItemProxy section */
		876924732B2CC16E003CF979 /* PBXContainerItemProxy */ = {
			isa = PBXContainerItemProxy;
			containerPortal = 878516A82AC593B2006A3140 /* Project object */;
			proxyType = 1;
			remoteGlobalIDString = 878516AF2AC593B2006A3140;
			remoteInfo = HW_01p1;
		};
/* End PBXContainerItemProxy section */

/* Begin PBXFileReference section */
		8700A0032B17B7D500448D1C /* ProfileModel.swift */ = {isa = PBXFileReference; lastKnownFileType = sourcecode.swift; path = ProfileModel.swift; sourceTree = "<group>"; };
		8700A00A2B17F00F00448D1C /* ProfileViewController.swift */ = {isa = PBXFileReference; lastKnownFileType = sourcecode.swift; path = ProfileViewController.swift; sourceTree = "<group>"; };
		871FF6EA2B24EFED002B5BE1 /* DataService.swift */ = {isa = PBXFileReference; lastKnownFileType = sourcecode.swift; path = DataService.swift; sourceTree = "<group>"; };
		871FF6F02B251879002B5BE1 /* CoreData.xcdatamodel */ = {isa = PBXFileReference; lastKnownFileType = wrapper.xcdatamodel; path = CoreData.xcdatamodel; sourceTree = "<group>"; };
		87252F152B21F6FB0095B182 /* Theme.swift */ = {isa = PBXFileReference; lastKnownFileType = sourcecode.swift; path = Theme.swift; sourceTree = "<group>"; };
		87252F172B21FACE0095B182 /* ThemeViewController.swift */ = {isa = PBXFileReference; lastKnownFileType = sourcecode.swift; path = ThemeViewController.swift; sourceTree = "<group>"; };
		8741DE4B2B0CF2000087A78D /* NetworkService.swift */ = {isa = PBXFileReference; lastKnownFileType = sourcecode.swift; path = NetworkService.swift; sourceTree = "<group>"; };
		8741DE4D2B0CFA420087A78D /* FriendsModel.swift */ = {isa = PBXFileReference; lastKnownFileType = sourcecode.swift; path = FriendsModel.swift; sourceTree = "<group>"; };
		8741DE4F2B0D0E0F0087A78D /* GroupsModel.swift */ = {isa = PBXFileReference; lastKnownFileType = sourcecode.swift; path = GroupsModel.swift; sourceTree = "<group>"; };
		8741DE512B0D0E380087A78D /* PhotosModel.swift */ = {isa = PBXFileReference; lastKnownFileType = sourcecode.swift; path = PhotosModel.swift; sourceTree = "<group>"; };
		8765943A2B2BC4C9004F1DF0 /* .swiftlint.yml */ = {isa = PBXFileReference; lastKnownFileType = text.yaml; path = .swiftlint.yml; sourceTree = SOURCE_ROOT; };
		8769246F2B2CC16E003CF979 /* HW_01p1Tests.xctest */ = {isa = PBXFileReference; explicitFileType = wrapper.cfbundle; includeInIndex = 0; path = HW_01p1Tests.xctest; sourceTree = BUILT_PRODUCTS_DIR; };
		876924782B2CC20E003CF979 /* HW_01p1Tests-Bridging-Header.h */ = {isa = PBXFileReference; lastKnownFileType = sourcecode.c.h; path = "HW_01p1Tests-Bridging-Header.h"; sourceTree = "<group>"; };
		876924792B2CC20E003CF979 /* FriendsViewControllerTests.swift */ = {isa = PBXFileReference; lastKnownFileType = sourcecode.swift; path = FriendsViewControllerTests.swift; sourceTree = "<group>"; };
		8769247B2B2CC3BC003CF979 /* FriendsViewControllerSpy.swift */ = {isa = PBXFileReference; lastKnownFileType = sourcecode.swift; path = FriendsViewControllerSpy.swift; sourceTree = "<group>"; };
		878516B02AC593B2006A3140 /* HW_01p1.app */ = {isa = PBXFileReference; explicitFileType = wrapper.application; includeInIndex = 0; path = HW_01p1.app; sourceTree = BUILT_PRODUCTS_DIR; };
		878516B32AC593B2006A3140 /* AppDelegate.swift */ = {isa = PBXFileReference; lastKnownFileType = sourcecode.swift; path = AppDelegate.swift; sourceTree = "<group>"; };
		878516B52AC593B2006A3140 /* SceneDelegate.swift */ = {isa = PBXFileReference; lastKnownFileType = sourcecode.swift; path = SceneDelegate.swift; sourceTree = "<group>"; };
		878516B72AC593B2006A3140 /* ViewController.swift */ = {isa = PBXFileReference; lastKnownFileType = sourcecode.swift; path = ViewController.swift; sourceTree = "<group>"; };
		878516BC2AC593B4006A3140 /* Assets.xcassets */ = {isa = PBXFileReference; lastKnownFileType = folder.assetcatalog; path = Assets.xcassets; sourceTree = "<group>"; };
		878516BF2AC593B4006A3140 /* Base */ = {isa = PBXFileReference; lastKnownFileType = file.storyboard; name = Base; path = Base.lproj/LaunchScreen.storyboard; sourceTree = "<group>"; };
		878516C12AC593B4006A3140 /* Info.plist */ = {isa = PBXFileReference; lastKnownFileType = text.plist.xml; path = Info.plist; sourceTree = "<group>"; };
		87AA80392ACAD8A30042B77A /* GroupCell.swift */ = {isa = PBXFileReference; lastKnownFileType = sourcecode.swift; path = GroupCell.swift; sourceTree = "<group>"; };
		87AA803B2ACAD9230042B77A /* PhotoCell.swift */ = {isa = PBXFileReference; lastKnownFileType = sourcecode.swift; path = PhotoCell.swift; sourceTree = "<group>"; };
		87AA803D2ACAE23B0042B77A /* GroupsViewController.swift */ = {isa = PBXFileReference; lastKnownFileType = sourcecode.swift; path = GroupsViewController.swift; sourceTree = "<group>"; };
		87AA803F2ACAE2680042B77A /* PhotosViewController.swift */ = {isa = PBXFileReference; lastKnownFileType = sourcecode.swift; path = PhotosViewController.swift; sourceTree = "<group>"; };
		87AA80412ACAE6F80042B77A /* Constants.swift */ = {isa = PBXFileReference; lastKnownFileType = sourcecode.swift; path = Constants.swift; sourceTree = "<group>"; };
		87D801882AC73A710005053F /* FriendsViewController.swift */ = {isa = PBXFileReference; lastKnownFileType = sourcecode.swift; path = FriendsViewController.swift; sourceTree = "<group>"; };
		87D8018A2AC73DB80005053F /* FriendCell.swift */ = {isa = PBXFileReference; lastKnownFileType = sourcecode.swift; path = FriendCell.swift; sourceTree = "<group>"; };
		87DB464D2B27D6120088F4CF /* DateConverter.swift */ = {isa = PBXFileReference; lastKnownFileType = sourcecode.swift; path = DateConverter.swift; sourceTree = "<group>"; };
/* End PBXFileReference section */

/* Begin PBXFrameworksBuildPhase section */
		8769246C2B2CC16E003CF979 /* Frameworks */ = {
			isa = PBXFrameworksBuildPhase;
			buildActionMask = 2147483647;
			files = (
			);
			runOnlyForDeploymentPostprocessing = 0;
		};
		878516AD2AC593B2006A3140 /* Frameworks */ = {
			isa = PBXFrameworksBuildPhase;
			buildActionMask = 2147483647;
			files = (
			);
			runOnlyForDeploymentPostprocessing = 0;
		};
/* End PBXFrameworksBuildPhase section */

/* Begin PBXGroup section */
		876924702B2CC16E003CF979 /* HW_01p1Tests */ = {
			isa = PBXGroup;
			children = (
				876924792B2CC20E003CF979 /* FriendsViewControllerTests.swift */,
				8769247B2B2CC3BC003CF979 /* FriendsViewControllerSpy.swift */,
				876924782B2CC20E003CF979 /* HW_01p1Tests-Bridging-Header.h */,
			);
			path = HW_01p1Tests;
			sourceTree = "<group>";
		};
		878516A72AC593B2006A3140 = {
			isa = PBXGroup;
			children = (
				8765943A2B2BC4C9004F1DF0 /* .swiftlint.yml */,
				878516B22AC593B2006A3140 /* HW_01p1 */,
				876924702B2CC16E003CF979 /* HW_01p1Tests */,
				878516B12AC593B2006A3140 /* Products */,
			);
			sourceTree = "<group>";
			usesTabs = 1;
		};
		878516B12AC593B2006A3140 /* Products */ = {
			isa = PBXGroup;
			children = (
				878516B02AC593B2006A3140 /* HW_01p1.app */,
				8769246F2B2CC16E003CF979 /* HW_01p1Tests.xctest */,
			);
			name = Products;
			sourceTree = "<group>";
		};
		878516B22AC593B2006A3140 /* HW_01p1 */ = {
			isa = PBXGroup;
			children = (
				878516C12AC593B4006A3140 /* Info.plist */,
				878516B32AC593B2006A3140 /* AppDelegate.swift */,
				878516B52AC593B2006A3140 /* SceneDelegate.swift */,
				878516B72AC593B2006A3140 /* ViewController.swift */,
				871FF6EA2B24EFED002B5BE1 /* DataService.swift */,
				871FF6EF2B251879002B5BE1 /* CoreData.xcdatamodeld */,
				8741DE4B2B0CF2000087A78D /* NetworkService.swift */,
				87AA80412ACAE6F80042B77A /* Constants.swift */,
				87D8018A2AC73DB80005053F /* FriendCell.swift */,
				8741DE4D2B0CFA420087A78D /* FriendsModel.swift */,
				87D801882AC73A710005053F /* FriendsViewController.swift */,
				87AA80392ACAD8A30042B77A /* GroupCell.swift */,
				8741DE4F2B0D0E0F0087A78D /* GroupsModel.swift */,
				87AA803D2ACAE23B0042B77A /* GroupsViewController.swift */,
				87AA803B2ACAD9230042B77A /* PhotoCell.swift */,
				8741DE512B0D0E380087A78D /* PhotosModel.swift */,
				87AA803F2ACAE2680042B77A /* PhotosViewController.swift */,
				8700A0032B17B7D500448D1C /* ProfileModel.swift */,
				8700A00A2B17F00F00448D1C /* ProfileViewController.swift */,
				87252F152B21F6FB0095B182 /* Theme.swift */,
				87252F172B21FACE0095B182 /* ThemeViewController.swift */,
				87DB464D2B27D6120088F4CF /* DateConverter.swift */,
				878516BC2AC593B4006A3140 /* Assets.xcassets */,
				878516BE2AC593B4006A3140 /* LaunchScreen.storyboard */,
			);
			path = HW_01p1;
			sourceTree = "<group>";
		};
/* End PBXGroup section */

/* Begin PBXNativeTarget section */
		8769246E2B2CC16E003CF979 /* HW_01p1Tests */ = {
			isa = PBXNativeTarget;
			buildConfigurationList = 876924752B2CC16E003CF979 /* Build configuration list for PBXNativeTarget "HW_01p1Tests" */;
			buildPhases = (
				8769246B2B2CC16E003CF979 /* Sources */,
				8769246C2B2CC16E003CF979 /* Frameworks */,
				8769246D2B2CC16E003CF979 /* Resources */,
			);
			buildRules = (
			);
			dependencies = (
				876924742B2CC16E003CF979 /* PBXTargetDependency */,
			);
			name = HW_01p1Tests;
			productName = HW_01p1Tests;
			productReference = 8769246F2B2CC16E003CF979 /* HW_01p1Tests.xctest */;
			productType = "com.apple.product-type.bundle.unit-test";
		};
		878516AF2AC593B2006A3140 /* HW_01p1 */ = {
			isa = PBXNativeTarget;
			buildConfigurationList = 878516C42AC593B4006A3140 /* Build configuration list for PBXNativeTarget "HW_01p1" */;
			buildPhases = (
				878516AC2AC593B2006A3140 /* Sources */,
				878516AD2AC593B2006A3140 /* Frameworks */,
				878516AE2AC593B2006A3140 /* Resources */,
				87361AF32B2BB80E005737A8 /* Run SwiftLint */,
			);
			buildRules = (
			);
			dependencies = (
			);
			name = HW_01p1;
			productName = HW_01p1;
			productReference = 878516B02AC593B2006A3140 /* HW_01p1.app */;
			productType = "com.apple.product-type.application";
		};
/* End PBXNativeTarget section */

/* Begin PBXProject section */
		878516A82AC593B2006A3140 /* Project object */ = {
			isa = PBXProject;
			attributes = {
				BuildIndependentTargetsInParallel = YES;
				LastSwiftUpdateCheck = 1510;
				LastUpgradeCheck = 1500;
				TargetAttributes = {
					8769246E2B2CC16E003CF979 = {
						CreatedOnToolsVersion = 15.1;
						LastSwiftMigration = 1510;
						TestTargetID = 878516AF2AC593B2006A3140;
					};
					878516AF2AC593B2006A3140 = {
						CreatedOnToolsVersion = 15.0;
					};
				};
			};
			buildConfigurationList = 878516AB2AC593B2006A3140 /* Build configuration list for PBXProject "HW_01p1" */;
			compatibilityVersion = "Xcode 14.0";
			developmentRegion = en;
			hasScannedForEncodings = 0;
			knownRegions = (
				en,
				Base,
			);
			mainGroup = 878516A72AC593B2006A3140;
			productRefGroup = 878516B12AC593B2006A3140 /* Products */;
			projectDirPath = "";
			projectRoot = "";
			targets = (
				878516AF2AC593B2006A3140 /* HW_01p1 */,
				8769246E2B2CC16E003CF979 /* HW_01p1Tests */,
			);
		};
/* End PBXProject section */

/* Begin PBXResourcesBuildPhase section */
		8769246D2B2CC16E003CF979 /* Resources */ = {
			isa = PBXResourcesBuildPhase;
			buildActionMask = 2147483647;
			files = (
			);
			runOnlyForDeploymentPostprocessing = 0;
		};
		878516AE2AC593B2006A3140 /* Resources */ = {
			isa = PBXResourcesBuildPhase;
			buildActionMask = 2147483647;
			files = (
				8769246A2B2BDEF8003CF979 /* .swiftlint.yml in Resources */,
				878516C02AC593B4006A3140 /* LaunchScreen.storyboard in Resources */,
				878516BD2AC593B4006A3140 /* Assets.xcassets in Resources */,
			);
			runOnlyForDeploymentPostprocessing = 0;
		};
/* End PBXResourcesBuildPhase section */

/* Begin PBXShellScriptBuildPhase section */
		87361AF32B2BB80E005737A8 /* Run SwiftLint */ = {
			isa = PBXShellScriptBuildPhase;
			alwaysOutOfDate = 1;
			buildActionMask = 2147483647;
			files = (
			);
			inputFileListPaths = (
			);
			inputPaths = (
				"$(SRCROOT)/.swiftlint.yml",
			);
			name = "Run SwiftLint";
			outputFileListPaths = (
			);
			outputPaths = (
			);
			runOnlyForDeploymentPostprocessing = 0;
			shellPath = /bin/sh;
			shellScript = "if [[ \"$(uname -m)\" == arm64 ]]; then\n    export PATH=\"/opt/homebrew/bin:$PATH\"\n    swiftlint --fix && swiftlint\nfi\n\nif which swiftlint > /dev/null; then\n  swiftlint\nelse\n  echo \"warning: SwiftLint not installed, download from https://github.com/realm/SwiftLint\"\nfi\n";
		};
/* End PBXShellScriptBuildPhase section */

/* Begin PBXSourcesBuildPhase section */
		8769246B2B2CC16E003CF979 /* Sources */ = {
			isa = PBXSourcesBuildPhase;
			buildActionMask = 2147483647;
			files = (
				8769247A2B2CC20E003CF979 /* FriendsViewControllerTests.swift in Sources */,
				8769247C2B2CC3BC003CF979 /* FriendsViewControllerSpy.swift in Sources */,
			);
			runOnlyForDeploymentPostprocessing = 0;
		};
		878516AC2AC593B2006A3140 /* Sources */ = {
			isa = PBXSourcesBuildPhase;
			buildActionMask = 2147483647;
			files = (
				8700A00B2B17F00F00448D1C /* ProfileViewController.swift in Sources */,
				8700A0042B17B7D500448D1C /* ProfileModel.swift in Sources */,
				8741DE522B0D0E380087A78D /* PhotosModel.swift in Sources */,
				8741DE4C2B0CF2000087A78D /* NetworkService.swift in Sources */,
				87AA80402ACAE2680042B77A /* PhotosViewController.swift in Sources */,
				87D801892AC73A710005053F /* FriendsViewController.swift in Sources */,
				871FF6EB2B24EFED002B5BE1 /* DataService.swift in Sources */,
				87252F182B21FACE0095B182 /* ThemeViewController.swift in Sources */,
				87AA803A2ACAD8A30042B77A /* GroupCell.swift in Sources */,
				878516B82AC593B2006A3140 /* ViewController.swift in Sources */,
				87AA803C2ACAD9230042B77A /* PhotoCell.swift in Sources */,
				87AA80422ACAE6F80042B77A /* Constants.swift in Sources */,
				871FF6F12B251879002B5BE1 /* CoreData.xcdatamodeld in Sources */,
				87AA803E2ACAE23B0042B77A /* GroupsViewController.swift in Sources */,
				87DB464E2B27D6120088F4CF /* DateConverter.swift in Sources */,
				878516B42AC593B2006A3140 /* AppDelegate.swift in Sources */,
				8741DE4E2B0CFA420087A78D /* FriendsModel.swift in Sources */,
				878516B62AC593B2006A3140 /* SceneDelegate.swift in Sources */,
				8741DE502B0D0E0F0087A78D /* GroupsModel.swift in Sources */,
				87D8018B2AC73DB80005053F /* FriendCell.swift in Sources */,
				87252F162B21F6FB0095B182 /* Theme.swift in Sources */,
			);
			runOnlyForDeploymentPostprocessing = 0;
		};
/* End PBXSourcesBuildPhase section */

/* Begin PBXTargetDependency section */
		876924742B2CC16E003CF979 /* PBXTargetDependency */ = {
			isa = PBXTargetDependency;
			target = 878516AF2AC593B2006A3140 /* HW_01p1 */;
			targetProxy = 876924732B2CC16E003CF979 /* PBXContainerItemProxy */;
		};
/* End PBXTargetDependency section */

/* Begin PBXVariantGroup section */
		878516BE2AC593B4006A3140 /* LaunchScreen.storyboard */ = {
			isa = PBXVariantGroup;
			children = (
				878516BF2AC593B4006A3140 /* Base */,
			);
			name = LaunchScreen.storyboard;
			sourceTree = "<group>";
		};
/* End PBXVariantGroup section */

/* Begin XCBuildConfiguration section */
		876924762B2CC16E003CF979 /* Debug */ = {
			isa = XCBuildConfiguration;
			buildSettings = {
				BUNDLE_LOADER = "$(TEST_HOST)";
				CLANG_ENABLE_MODULES = YES;
				CODE_SIGN_STYLE = Automatic;
				CURRENT_PROJECT_VERSION = 1;
				DEVELOPMENT_TEAM = V2Q9CC97FM;
				ENABLE_USER_SCRIPT_SANDBOXING = YES;
				GENERATE_INFOPLIST_FILE = YES;
				IPHONEOS_DEPLOYMENT_TARGET = 17.2;
				MARKETING_VERSION = 1.0;
				PRODUCT_BUNDLE_IDENTIFIER = "AZ.HW-01p1Tests";
				PRODUCT_NAME = "$(TARGET_NAME)";
				SWIFT_EMIT_LOC_STRINGS = NO;
				SWIFT_OBJC_BRIDGING_HEADER = "HW_01p1Tests/HW_01p1Tests-Bridging-Header.h";
				SWIFT_OPTIMIZATION_LEVEL = "-Onone";
				SWIFT_VERSION = 5.0;
				TARGETED_DEVICE_FAMILY = "1,2";
				TEST_HOST = "$(BUILT_PRODUCTS_DIR)/HW_01p1.app/$(BUNDLE_EXECUTABLE_FOLDER_PATH)/HW_01p1";
			};
			name = Debug;
		};
		876924772B2CC16E003CF979 /* Release */ = {
			isa = XCBuildConfiguration;
			buildSettings = {
				BUNDLE_LOADER = "$(TEST_HOST)";
				CLANG_ENABLE_MODULES = YES;
				CODE_SIGN_STYLE = Automatic;
				CURRENT_PROJECT_VERSION = 1;
				DEVELOPMENT_TEAM = V2Q9CC97FM;
				ENABLE_USER_SCRIPT_SANDBOXING = YES;
				GENERATE_INFOPLIST_FILE = YES;
				IPHONEOS_DEPLOYMENT_TARGET = 17.2;
				MARKETING_VERSION = 1.0;
				PRODUCT_BUNDLE_IDENTIFIER = "AZ.HW-01p1Tests";
				PRODUCT_NAME = "$(TARGET_NAME)";
				SWIFT_EMIT_LOC_STRINGS = NO;
				SWIFT_OBJC_BRIDGING_HEADER = "HW_01p1Tests/HW_01p1Tests-Bridging-Header.h";
				SWIFT_VERSION = 5.0;
				TARGETED_DEVICE_FAMILY = "1,2";
				TEST_HOST = "$(BUILT_PRODUCTS_DIR)/HW_01p1.app/$(BUNDLE_EXECUTABLE_FOLDER_PATH)/HW_01p1";
			};
			name = Release;
		};
		878516C22AC593B4006A3140 /* Debug */ = {
			isa = XCBuildConfiguration;
			buildSettings = {
				ALWAYS_SEARCH_USER_PATHS = NO;
				ASSETCATALOG_COMPILER_GENERATE_SWIFT_ASSET_SYMBOL_EXTENSIONS = YES;
				CLANG_ANALYZER_NONNULL = YES;
				CLANG_ANALYZER_NUMBER_OBJECT_CONVERSION = YES_AGGRESSIVE;
				CLANG_CXX_LANGUAGE_STANDARD = "gnu++20";
				CLANG_ENABLE_MODULES = YES;
				CLANG_ENABLE_OBJC_ARC = YES;
				CLANG_ENABLE_OBJC_WEAK = YES;
				CLANG_WARN_BLOCK_CAPTURE_AUTORELEASING = YES;
				CLANG_WARN_BOOL_CONVERSION = YES;
				CLANG_WARN_COMMA = YES;
				CLANG_WARN_CONSTANT_CONVERSION = YES;
				CLANG_WARN_DEPRECATED_OBJC_IMPLEMENTATIONS = YES;
				CLANG_WARN_DIRECT_OBJC_ISA_USAGE = YES_ERROR;
				CLANG_WARN_DOCUMENTATION_COMMENTS = YES;
				CLANG_WARN_EMPTY_BODY = YES;
				CLANG_WARN_ENUM_CONVERSION = YES;
				CLANG_WARN_INFINITE_RECURSION = YES;
				CLANG_WARN_INT_CONVERSION = YES;
				CLANG_WARN_NON_LITERAL_NULL_CONVERSION = YES;
				CLANG_WARN_OBJC_IMPLICIT_RETAIN_SELF = YES;
				CLANG_WARN_OBJC_LITERAL_CONVERSION = YES;
				CLANG_WARN_OBJC_ROOT_CLASS = YES_ERROR;
				CLANG_WARN_QUOTED_INCLUDE_IN_FRAMEWORK_HEADER = YES;
				CLANG_WARN_RANGE_LOOP_ANALYSIS = YES;
				CLANG_WARN_STRICT_PROTOTYPES = YES;
				CLANG_WARN_SUSPICIOUS_MOVE = YES;
				CLANG_WARN_UNGUARDED_AVAILABILITY = YES_AGGRESSIVE;
				CLANG_WARN_UNREACHABLE_CODE = YES;
				CLANG_WARN__DUPLICATE_METHOD_MATCH = YES;
				COPY_PHASE_STRIP = NO;
				DEBUG_INFORMATION_FORMAT = dwarf;
				ENABLE_STRICT_OBJC_MSGSEND = YES;
				ENABLE_TESTABILITY = YES;
				ENABLE_USER_SCRIPT_SANDBOXING = NO;
				GCC_C_LANGUAGE_STANDARD = gnu17;
				GCC_DYNAMIC_NO_PIC = NO;
				GCC_NO_COMMON_BLOCKS = YES;
				GCC_OPTIMIZATION_LEVEL = 0;
				GCC_PREPROCESSOR_DEFINITIONS = (
					"DEBUG=1",
					"$(inherited)",
				);
				GCC_WARN_64_TO_32_BIT_CONVERSION = YES;
				GCC_WARN_ABOUT_RETURN_TYPE = YES_ERROR;
				GCC_WARN_UNDECLARED_SELECTOR = YES;
				GCC_WARN_UNINITIALIZED_AUTOS = YES_AGGRESSIVE;
				GCC_WARN_UNUSED_FUNCTION = YES;
				GCC_WARN_UNUSED_VARIABLE = YES;
				IPHONEOS_DEPLOYMENT_TARGET = 17.0;
				LOCALIZATION_PREFERS_STRING_CATALOGS = YES;
				MTL_ENABLE_DEBUG_INFO = INCLUDE_SOURCE;
				MTL_FAST_MATH = YES;
				ONLY_ACTIVE_ARCH = YES;
				SDKROOT = iphoneos;
				SWIFT_ACTIVE_COMPILATION_CONDITIONS = "DEBUG $(inherited)";
				SWIFT_OPTIMIZATION_LEVEL = "-O";
			};
			name = Debug;
		};
		878516C32AC593B4006A3140 /* Release */ = {
			isa = XCBuildConfiguration;
			buildSettings = {
				ALWAYS_SEARCH_USER_PATHS = NO;
				ASSETCATALOG_COMPILER_GENERATE_SWIFT_ASSET_SYMBOL_EXTENSIONS = YES;
				CLANG_ANALYZER_NONNULL = YES;
				CLANG_ANALYZER_NUMBER_OBJECT_CONVERSION = YES_AGGRESSIVE;
				CLANG_CXX_LANGUAGE_STANDARD = "gnu++20";
				CLANG_ENABLE_MODULES = YES;
				CLANG_ENABLE_OBJC_ARC = YES;
				CLANG_ENABLE_OBJC_WEAK = YES;
				CLANG_WARN_BLOCK_CAPTURE_AUTORELEASING = YES;
				CLANG_WARN_BOOL_CONVERSION = YES;
				CLANG_WARN_COMMA = YES;
				CLANG_WARN_CONSTANT_CONVERSION = YES;
				CLANG_WARN_DEPRECATED_OBJC_IMPLEMENTATIONS = YES;
				CLANG_WARN_DIRECT_OBJC_ISA_USAGE = YES_ERROR;
				CLANG_WARN_DOCUMENTATION_COMMENTS = YES;
				CLANG_WARN_EMPTY_BODY = YES;
				CLANG_WARN_ENUM_CONVERSION = YES;
				CLANG_WARN_INFINITE_RECURSION = YES;
				CLANG_WARN_INT_CONVERSION = YES;
				CLANG_WARN_NON_LITERAL_NULL_CONVERSION = YES;
				CLANG_WARN_OBJC_IMPLICIT_RETAIN_SELF = YES;
				CLANG_WARN_OBJC_LITERAL_CONVERSION = YES;
				CLANG_WARN_OBJC_ROOT_CLASS = YES_ERROR;
				CLANG_WARN_QUOTED_INCLUDE_IN_FRAMEWORK_HEADER = YES;
				CLANG_WARN_RANGE_LOOP_ANALYSIS = YES;
				CLANG_WARN_STRICT_PROTOTYPES = YES;
				CLANG_WARN_SUSPICIOUS_MOVE = YES;
				CLANG_WARN_UNGUARDED_AVAILABILITY = YES_AGGRESSIVE;
				CLANG_WARN_UNREACHABLE_CODE = YES;
				CLANG_WARN__DUPLICATE_METHOD_MATCH = YES;
				COPY_PHASE_STRIP = NO;
				DEBUG_INFORMATION_FORMAT = "dwarf-with-dsym";
				ENABLE_NS_ASSERTIONS = NO;
				ENABLE_STRICT_OBJC_MSGSEND = YES;
				ENABLE_USER_SCRIPT_SANDBOXING = NO;
				GCC_C_LANGUAGE_STANDARD = gnu17;
				GCC_NO_COMMON_BLOCKS = YES;
				GCC_WARN_64_TO_32_BIT_CONVERSION = YES;
				GCC_WARN_ABOUT_RETURN_TYPE = YES_ERROR;
				GCC_WARN_UNDECLARED_SELECTOR = YES;
				GCC_WARN_UNINITIALIZED_AUTOS = YES_AGGRESSIVE;
				GCC_WARN_UNUSED_FUNCTION = YES;
				GCC_WARN_UNUSED_VARIABLE = YES;
				IPHONEOS_DEPLOYMENT_TARGET = 17.0;
				LOCALIZATION_PREFERS_STRING_CATALOGS = YES;
				MTL_ENABLE_DEBUG_INFO = NO;
				MTL_FAST_MATH = YES;
				SDKROOT = iphoneos;
				SWIFT_COMPILATION_MODE = wholemodule;
				VALIDATE_PRODUCT = YES;
			};
			name = Release;
		};
		878516C52AC593B4006A3140 /* Debug */ = {
			isa = XCBuildConfiguration;
			buildSettings = {
				ASSETCATALOG_COMPILER_APPICON_NAME = AppIcon;
				ASSETCATALOG_COMPILER_GLOBAL_ACCENT_COLOR_NAME = AccentColor;
				CODE_SIGN_STYLE = Automatic;
				CURRENT_PROJECT_VERSION = 1;
				DEVELOPMENT_TEAM = V2Q9CC97FM;
				ENABLE_USER_SCRIPT_SANDBOXING = NO;
				GENERATE_INFOPLIST_FILE = YES;
				INFOPLIST_FILE = HW_01p1/Info.plist;
				INFOPLIST_KEY_UIApplicationSupportsIndirectInputEvents = YES;
				INFOPLIST_KEY_UILaunchStoryboardName = LaunchScreen;
				INFOPLIST_KEY_UIStatusBarHidden = YES;
				INFOPLIST_KEY_UISupportedInterfaceOrientations = UIInterfaceOrientationPortrait;
				INFOPLIST_KEY_UISupportedInterfaceOrientations_iPad = "UIInterfaceOrientationLandscapeLeft UIInterfaceOrientationLandscapeRight UIInterfaceOrientationPortrait UIInterfaceOrientationPortraitUpsideDown";
				IPHONEOS_DEPLOYMENT_TARGET = 17.0;
				LD_RUNPATH_SEARCH_PATHS = (
					"$(inherited)",
					"@executable_path/Frameworks",
				);
				MARKETING_VERSION = 1.0;
				PRODUCT_BUNDLE_IDENTIFIER = "AZ.HW-01p1";
				PRODUCT_NAME = "$(TARGET_NAME)";
				SUPPORTED_PLATFORMS = "iphoneos iphonesimulator";
				SUPPORTS_MACCATALYST = NO;
				SUPPORTS_MAC_DESIGNED_FOR_IPHONE_IPAD = NO;
				SWIFT_EMIT_LOC_STRINGS = YES;
				SWIFT_VERSION = 5.0;
				TARGETED_DEVICE_FAMILY = 1;
			};
			name = Debug;
		};
		878516C62AC593B4006A3140 /* Release */ = {
			isa = XCBuildConfiguration;
			buildSettings = {
				ASSETCATALOG_COMPILER_APPICON_NAME = AppIcon;
				ASSETCATALOG_COMPILER_GLOBAL_ACCENT_COLOR_NAME = AccentColor;
				CODE_SIGN_STYLE = Automatic;
				CURRENT_PROJECT_VERSION = 1;
				DEVELOPMENT_TEAM = V2Q9CC97FM;
				ENABLE_USER_SCRIPT_SANDBOXING = NO;
				GENERATE_INFOPLIST_FILE = YES;
				INFOPLIST_FILE = HW_01p1/Info.plist;
				INFOPLIST_KEY_UIApplicationSupportsIndirectInputEvents = YES;
				INFOPLIST_KEY_UILaunchStoryboardName = LaunchScreen;
				INFOPLIST_KEY_UIStatusBarHidden = YES;
				INFOPLIST_KEY_UISupportedInterfaceOrientations = UIInterfaceOrientationPortrait;
				INFOPLIST_KEY_UISupportedInterfaceOrientations_iPad = "UIInterfaceOrientationLandscapeLeft UIInterfaceOrientationLandscapeRight UIInterfaceOrientationPortrait UIInterfaceOrientationPortraitUpsideDown";
				IPHONEOS_DEPLOYMENT_TARGET = 17.0;
				LD_RUNPATH_SEARCH_PATHS = (
					"$(inherited)",
					"@executable_path/Frameworks",
				);
				MARKETING_VERSION = 1.0;
				PRODUCT_BUNDLE_IDENTIFIER = "AZ.HW-01p1";
				PRODUCT_NAME = "$(TARGET_NAME)";
				SUPPORTED_PLATFORMS = "iphoneos iphonesimulator";
				SUPPORTS_MACCATALYST = NO;
				SUPPORTS_MAC_DESIGNED_FOR_IPHONE_IPAD = NO;
				SWIFT_EMIT_LOC_STRINGS = YES;
				SWIFT_VERSION = 5.0;
				TARGETED_DEVICE_FAMILY = 1;
			};
			name = Release;
		};
/* End XCBuildConfiguration section */

/* Begin XCConfigurationList section */
		876924752B2CC16E003CF979 /* Build configuration list for PBXNativeTarget "HW_01p1Tests" */ = {
			isa = XCConfigurationList;
			buildConfigurations = (
				876924762B2CC16E003CF979 /* Debug */,
				876924772B2CC16E003CF979 /* Release */,
			);
			defaultConfigurationIsVisible = 0;
			defaultConfigurationName = Debug;
		};
		878516AB2AC593B2006A3140 /* Build configuration list for PBXProject "HW_01p1" */ = {
			isa = XCConfigurationList;
			buildConfigurations = (
				878516C22AC593B4006A3140 /* Debug */,
				878516C32AC593B4006A3140 /* Release */,
			);
			defaultConfigurationIsVisible = 0;
			defaultConfigurationName = Debug;
		};
		878516C42AC593B4006A3140 /* Build configuration list for PBXNativeTarget "HW_01p1" */ = {
			isa = XCConfigurationList;
			buildConfigurations = (
				878516C52AC593B4006A3140 /* Debug */,
				878516C62AC593B4006A3140 /* Release */,
			);
			defaultConfigurationIsVisible = 0;
			defaultConfigurationName = Debug;
		};
/* End XCConfigurationList section */

/* Begin XCVersionGroup section */
		871FF6EF2B251879002B5BE1 /* CoreData.xcdatamodeld */ = {
			isa = XCVersionGroup;
			children = (
				871FF6F02B251879002B5BE1 /* CoreData.xcdatamodel */,
			);
			currentVersion = 871FF6F02B251879002B5BE1 /* CoreData.xcdatamodel */;
			path = CoreData.xcdatamodeld;
			sourceTree = "<group>";
			versionGroupType = wrapper.xcdatamodel;
		};
/* End XCVersionGroup section */
	};
	rootObject = 878516A82AC593B2006A3140 /* Project object */;
}
