// !$*UTF8*$!
{
	archiveVersion = 1;
	classes = {
	};
	objectVersion = 55;
	objects = {

/* Begin PBXBuildFile section */
		3535615F2A12278C000BF546 /* NetworkService.swift in Sources */ = {isa = PBXBuildFile; fileRef = 3535615E2A12278C000BF546 /* NetworkService.swift */; };
		353561612A12285D000BF546 /* TownModel.swift in Sources */ = {isa = PBXBuildFile; fileRef = 353561602A12285D000BF546 /* TownModel.swift */; };
		353561632A122B55000BF546 /* NewsModel.swift in Sources */ = {isa = PBXBuildFile; fileRef = 353561622A122B55000BF546 /* NewsModel.swift */; };
		353561652A1232D0000BF546 /* PlacesModel.swift in Sources */ = {isa = PBXBuildFile; fileRef = 353561642A1232D0000BF546 /* PlacesModel.swift */; };
		353561672A123412000BF546 /* MoviesModel.swift in Sources */ = {isa = PBXBuildFile; fileRef = 353561662A123412000BF546 /* MoviesModel.swift */; };
		353561692A12363A000BF546 /* UIImageView+Extensions.swift in Sources */ = {isa = PBXBuildFile; fileRef = 353561682A12363A000BF546 /* UIImageView+Extensions.swift */; };
		3535616B2A126514000BF546 /* ImageModel.swift in Sources */ = {isa = PBXBuildFile; fileRef = 3535616A2A126514000BF546 /* ImageModel.swift */; };
		359114C729F6DA39002C7885 /* AppDelegate.swift in Sources */ = {isa = PBXBuildFile; fileRef = 359114C629F6DA39002C7885 /* AppDelegate.swift */; };
		359114C929F6DA39002C7885 /* SceneDelegate.swift in Sources */ = {isa = PBXBuildFile; fileRef = 359114C829F6DA39002C7885 /* SceneDelegate.swift */; };
		359114CB29F6DA39002C7885 /* ViewController.swift in Sources */ = {isa = PBXBuildFile; fileRef = 359114CA29F6DA39002C7885 /* ViewController.swift */; };
		359114D029F6DA42002C7885 /* Assets.xcassets in Resources */ = {isa = PBXBuildFile; fileRef = 359114CF29F6DA42002C7885 /* Assets.xcassets */; };
		359114D329F6DA42002C7885 /* LaunchScreen.storyboard in Resources */ = {isa = PBXBuildFile; fileRef = 359114D129F6DA42002C7885 /* LaunchScreen.storyboard */; };
		359114DB29F6F51E002C7885 /* NewViewController.swift in Sources */ = {isa = PBXBuildFile; fileRef = 359114DA29F6F51E002C7885 /* NewViewController.swift */; };
		3591151F29FAAD77002C7885 /* TableViewController.swift in Sources */ = {isa = PBXBuildFile; fileRef = 3591151E29FAAD77002C7885 /* TableViewController.swift */; };
		3591152129FAAE11002C7885 /* CustomTableViewCell.swift in Sources */ = {isa = PBXBuildFile; fileRef = 3591152029FAAE11002C7885 /* CustomTableViewCell.swift */; };
		3591152329FAB6CD002C7885 /* CollectionViewController.swift in Sources */ = {isa = PBXBuildFile; fileRef = 3591152229FAB6CD002C7885 /* CollectionViewController.swift */; };
		3591152529FAB798002C7885 /* CustomCollectionViewCell.swift in Sources */ = {isa = PBXBuildFile; fileRef = 3591152429FAB798002C7885 /* CustomCollectionViewCell.swift */; };
		3591152729FABB42002C7885 /* ImageViewController.swift in Sources */ = {isa = PBXBuildFile; fileRef = 3591152629FABB42002C7885 /* ImageViewController.swift */; };
/* End PBXBuildFile section */

/* Begin PBXFileReference section */
		3535615E2A12278C000BF546 /* NetworkService.swift */ = {isa = PBXFileReference; lastKnownFileType = sourcecode.swift; path = NetworkService.swift; sourceTree = "<group>"; };
		353561602A12285D000BF546 /* TownModel.swift */ = {isa = PBXFileReference; lastKnownFileType = sourcecode.swift; path = TownModel.swift; sourceTree = "<group>"; };
		353561622A122B55000BF546 /* NewsModel.swift */ = {isa = PBXFileReference; lastKnownFileType = sourcecode.swift; path = NewsModel.swift; sourceTree = "<group>"; };
		353561642A1232D0000BF546 /* PlacesModel.swift */ = {isa = PBXFileReference; lastKnownFileType = sourcecode.swift; path = PlacesModel.swift; sourceTree = "<group>"; };
		353561662A123412000BF546 /* MoviesModel.swift */ = {isa = PBXFileReference; lastKnownFileType = sourcecode.swift; path = MoviesModel.swift; sourceTree = "<group>"; };
		353561682A12363A000BF546 /* UIImageView+Extensions.swift */ = {isa = PBXFileReference; lastKnownFileType = sourcecode.swift; path = "UIImageView+Extensions.swift"; sourceTree = "<group>"; };
		3535616A2A126514000BF546 /* ImageModel.swift */ = {isa = PBXFileReference; lastKnownFileType = sourcecode.swift; path = ImageModel.swift; sourceTree = "<group>"; };
		359114C329F6DA39002C7885 /* CreateApp.app */ = {isa = PBXFileReference; explicitFileType = wrapper.application; includeInIndex = 0; path = CreateApp.app; sourceTree = BUILT_PRODUCTS_DIR; };
		359114C629F6DA39002C7885 /* AppDelegate.swift */ = {isa = PBXFileReference; lastKnownFileType = sourcecode.swift; path = AppDelegate.swift; sourceTree = "<group>"; };
		359114C829F6DA39002C7885 /* SceneDelegate.swift */ = {isa = PBXFileReference; lastKnownFileType = sourcecode.swift; path = SceneDelegate.swift; sourceTree = "<group>"; };
		359114CA29F6DA39002C7885 /* ViewController.swift */ = {isa = PBXFileReference; lastKnownFileType = sourcecode.swift; path = ViewController.swift; sourceTree = "<group>"; };
		359114CF29F6DA42002C7885 /* Assets.xcassets */ = {isa = PBXFileReference; lastKnownFileType = folder.assetcatalog; path = Assets.xcassets; sourceTree = "<group>"; };
		359114D229F6DA42002C7885 /* Base */ = {isa = PBXFileReference; lastKnownFileType = file.storyboard; name = Base; path = Base.lproj/LaunchScreen.storyboard; sourceTree = "<group>"; };
		359114D429F6DA42002C7885 /* Info.plist */ = {isa = PBXFileReference; lastKnownFileType = text.plist.xml; path = Info.plist; sourceTree = "<group>"; };
		359114DA29F6F51E002C7885 /* NewViewController.swift */ = {isa = PBXFileReference; lastKnownFileType = sourcecode.swift; path = NewViewController.swift; sourceTree = "<group>"; };
		3591151E29FAAD77002C7885 /* TableViewController.swift */ = {isa = PBXFileReference; lastKnownFileType = sourcecode.swift; path = TableViewController.swift; sourceTree = "<group>"; };
		3591152029FAAE11002C7885 /* CustomTableViewCell.swift */ = {isa = PBXFileReference; lastKnownFileType = sourcecode.swift; path = CustomTableViewCell.swift; sourceTree = "<group>"; };
		3591152229FAB6CD002C7885 /* CollectionViewController.swift */ = {isa = PBXFileReference; lastKnownFileType = sourcecode.swift; path = CollectionViewController.swift; sourceTree = "<group>"; };
		3591152429FAB798002C7885 /* CustomCollectionViewCell.swift */ = {isa = PBXFileReference; lastKnownFileType = sourcecode.swift; path = CustomCollectionViewCell.swift; sourceTree = "<group>"; };
		3591152629FABB42002C7885 /* ImageViewController.swift */ = {isa = PBXFileReference; lastKnownFileType = sourcecode.swift; path = ImageViewController.swift; sourceTree = "<group>"; };
/* End PBXFileReference section */

/* Begin PBXFrameworksBuildPhase section */
		359114C029F6DA39002C7885 /* Frameworks */ = {
			isa = PBXFrameworksBuildPhase;
			buildActionMask = 2147483647;
			files = (
			);
			runOnlyForDeploymentPostprocessing = 0;
		};
/* End PBXFrameworksBuildPhase section */

/* Begin PBXGroup section */
		359114BA29F6DA39002C7885 = {
			isa = PBXGroup;
			children = (
				359114C529F6DA39002C7885 /* CreateApp */,
				359114C429F6DA39002C7885 /* Products */,
			);
			sourceTree = "<group>";
		};
		359114C429F6DA39002C7885 /* Products */ = {
			isa = PBXGroup;
			children = (
				359114C329F6DA39002C7885 /* CreateApp.app */,
			);
			name = Products;
			sourceTree = "<group>";
		};
		359114C529F6DA39002C7885 /* CreateApp */ = {
			isa = PBXGroup;
			children = (
				359114C629F6DA39002C7885 /* AppDelegate.swift */,
				359114C829F6DA39002C7885 /* SceneDelegate.swift */,
				359114CA29F6DA39002C7885 /* ViewController.swift */,
				359114CF29F6DA42002C7885 /* Assets.xcassets */,
				359114D129F6DA42002C7885 /* LaunchScreen.storyboard */,
				359114D429F6DA42002C7885 /* Info.plist */,
				359114DA29F6F51E002C7885 /* NewViewController.swift */,
				3591151E29FAAD77002C7885 /* TableViewController.swift */,
				3591152029FAAE11002C7885 /* CustomTableViewCell.swift */,
				3591152229FAB6CD002C7885 /* CollectionViewController.swift */,
				3591152629FABB42002C7885 /* ImageViewController.swift */,
				3591152429FAB798002C7885 /* CustomCollectionViewCell.swift */,
				3535615E2A12278C000BF546 /* NetworkService.swift */,
				353561602A12285D000BF546 /* TownModel.swift */,
				353561622A122B55000BF546 /* NewsModel.swift */,
				353561642A1232D0000BF546 /* PlacesModel.swift */,
				353561662A123412000BF546 /* MoviesModel.swift */,
				353561682A12363A000BF546 /* UIImageView+Extensions.swift */,
				3535616A2A126514000BF546 /* ImageModel.swift */,
			);
			path = CreateApp;
			sourceTree = "<group>";
		};
/* End PBXGroup section */

/* Begin PBXNativeTarget section */
		359114C229F6DA39002C7885 /* CreateApp */ = {
			isa = PBXNativeTarget;
			buildConfigurationList = 359114D729F6DA42002C7885 /* Build configuration list for PBXNativeTarget "CreateApp" */;
			buildPhases = (
				359114BF29F6DA39002C7885 /* Sources */,
				359114C029F6DA39002C7885 /* Frameworks */,
				359114C129F6DA39002C7885 /* Resources */,
			);
			buildRules = (
			);
			dependencies = (
			);
			name = CreateApp;
			productName = CreateApp;
			productReference = 359114C329F6DA39002C7885 /* CreateApp.app */;
			productType = "com.apple.product-type.application";
		};
/* End PBXNativeTarget section */

/* Begin PBXProject section */
		359114BB29F6DA39002C7885 /* Project object */ = {
			isa = PBXProject;
			attributes = {
				BuildIndependentTargetsInParallel = 1;
				LastSwiftUpdateCheck = 1340;
				LastUpgradeCheck = 1340;
				TargetAttributes = {
					359114C229F6DA39002C7885 = {
						CreatedOnToolsVersion = 13.4.1;
					};
				};
			};
			buildConfigurationList = 359114BE29F6DA39002C7885 /* Build configuration list for PBXProject "CreateApp" */;
			compatibilityVersion = "Xcode 13.0";
			developmentRegion = en;
			hasScannedForEncodings = 0;
			knownRegions = (
				en,
				Base,
			);
			mainGroup = 359114BA29F6DA39002C7885;
			productRefGroup = 359114C429F6DA39002C7885 /* Products */;
			projectDirPath = "";
			projectRoot = "";
			targets = (
				359114C229F6DA39002C7885 /* CreateApp */,
			);
		};
/* End PBXProject section */

/* Begin PBXResourcesBuildPhase section */
		359114C129F6DA39002C7885 /* Resources */ = {
			isa = PBXResourcesBuildPhase;
			buildActionMask = 2147483647;
			files = (
				359114D329F6DA42002C7885 /* LaunchScreen.storyboard in Resources */,
				359114D029F6DA42002C7885 /* Assets.xcassets in Resources */,
			);
			runOnlyForDeploymentPostprocessing = 0;
		};
/* End PBXResourcesBuildPhase section */

/* Begin PBXSourcesBuildPhase section */
		359114BF29F6DA39002C7885 /* Sources */ = {
			isa = PBXSourcesBuildPhase;
			buildActionMask = 2147483647;
			files = (
				353561692A12363A000BF546 /* UIImageView+Extensions.swift in Sources */,
				353561632A122B55000BF546 /* NewsModel.swift in Sources */,
				3535615F2A12278C000BF546 /* NetworkService.swift in Sources */,
				3591152129FAAE11002C7885 /* CustomTableViewCell.swift in Sources */,
				353561652A1232D0000BF546 /* PlacesModel.swift in Sources */,
				3591152729FABB42002C7885 /* ImageViewController.swift in Sources */,
				359114CB29F6DA39002C7885 /* ViewController.swift in Sources */,
				359114C729F6DA39002C7885 /* AppDelegate.swift in Sources */,
				3591152529FAB798002C7885 /* CustomCollectionViewCell.swift in Sources */,
				359114C929F6DA39002C7885 /* SceneDelegate.swift in Sources */,
				3591152329FAB6CD002C7885 /* CollectionViewController.swift in Sources */,
				353561672A123412000BF546 /* MoviesModel.swift in Sources */,
				353561612A12285D000BF546 /* TownModel.swift in Sources */,
				3591151F29FAAD77002C7885 /* TableViewController.swift in Sources */,
				359114DB29F6F51E002C7885 /* NewViewController.swift in Sources */,
				3535616B2A126514000BF546 /* ImageModel.swift in Sources */,
			);
			runOnlyForDeploymentPostprocessing = 0;
		};
/* End PBXSourcesBuildPhase section */

/* Begin PBXVariantGroup section */
		359114D129F6DA42002C7885 /* LaunchScreen.storyboard */ = {
			isa = PBXVariantGroup;
			children = (
				359114D229F6DA42002C7885 /* Base */,
			);
			name = LaunchScreen.storyboard;
			sourceTree = "<group>";
		};
/* End PBXVariantGroup section */

/* Begin XCBuildConfiguration section */
		359114D529F6DA42002C7885 /* Debug */ = {
			isa = XCBuildConfiguration;
			buildSettings = {
				ALWAYS_SEARCH_USER_PATHS = NO;
				CLANG_ANALYZER_NONNULL = YES;
				CLANG_ANALYZER_NUMBER_OBJECT_CONVERSION = YES_AGGRESSIVE;
				CLANG_CXX_LANGUAGE_STANDARD = "gnu++17";
				CLANG_ENABLE_MODULES = YES;
				CLANG_ENABLE_OBJC_ARC = YES;
				CLANG_ENABLE_OBJC_WEAK = YES;
				CLANG_WARN_BLOCK_CAPTURE_AUTORELEASING = YES;
				CLANG_WARN_BOOL_CONVERSION = YES;
				CLANG_WARN_COMMA = YES;
				CLANG_WARN_CONSTANT_CONVERSION = YES;
				CLANG_WARN_DEPRECATED_OBJC_IMPLEMENTATIONS = YES;
				CLANG_WARN_DIRECT_OBJC_ISA_USAGE = YES_ERROR;
				CLANG_WARN_DOCUMENTATION_COMMENTS = YES;
				CLANG_WARN_EMPTY_BODY = YES;
				CLANG_WARN_ENUM_CONVERSION = YES;
				CLANG_WARN_INFINITE_RECURSION = YES;
				CLANG_WARN_INT_CONVERSION = YES;
				CLANG_WARN_NON_LITERAL_NULL_CONVERSION = YES;
				CLANG_WARN_OBJC_IMPLICIT_RETAIN_SELF = YES;
				CLANG_WARN_OBJC_LITERAL_CONVERSION = YES;
				CLANG_WARN_OBJC_ROOT_CLASS = YES_ERROR;
				CLANG_WARN_QUOTED_INCLUDE_IN_FRAMEWORK_HEADER = YES;
				CLANG_WARN_RANGE_LOOP_ANALYSIS = YES;
				CLANG_WARN_STRICT_PROTOTYPES = YES;
				CLANG_WARN_SUSPICIOUS_MOVE = YES;
				CLANG_WARN_UNGUARDED_AVAILABILITY = YES_AGGRESSIVE;
				CLANG_WARN_UNREACHABLE_CODE = YES;
				CLANG_WARN__DUPLICATE_METHOD_MATCH = YES;
				COPY_PHASE_STRIP = NO;
				DEBUG_INFORMATION_FORMAT = dwarf;
				ENABLE_STRICT_OBJC_MSGSEND = YES;
				ENABLE_TESTABILITY = YES;
				GCC_C_LANGUAGE_STANDARD = gnu11;
				GCC_DYNAMIC_NO_PIC = NO;
				GCC_NO_COMMON_BLOCKS = YES;
				GCC_OPTIMIZATION_LEVEL = 0;
				GCC_PREPROCESSOR_DEFINITIONS = (
					"DEBUG=1",
					"$(inherited)",
				);
				GCC_WARN_64_TO_32_BIT_CONVERSION = YES;
				GCC_WARN_ABOUT_RETURN_TYPE = YES_ERROR;
				GCC_WARN_UNDECLARED_SELECTOR = YES;
				GCC_WARN_UNINITIALIZED_AUTOS = YES_AGGRESSIVE;
				GCC_WARN_UNUSED_FUNCTION = YES;
				GCC_WARN_UNUSED_VARIABLE = YES;
				IPHONEOS_DEPLOYMENT_TARGET = 15.5;
				MTL_ENABLE_DEBUG_INFO = INCLUDE_SOURCE;
				MTL_FAST_MATH = YES;
				ONLY_ACTIVE_ARCH = YES;
				SDKROOT = iphoneos;
				SWIFT_ACTIVE_COMPILATION_CONDITIONS = DEBUG;
				SWIFT_OPTIMIZATION_LEVEL = "-Onone";
			};
			name = Debug;
		};
		359114D629F6DA42002C7885 /* Release */ = {
			isa = XCBuildConfiguration;
			buildSettings = {
				ALWAYS_SEARCH_USER_PATHS = NO;
				CLANG_ANALYZER_NONNULL = YES;
				CLANG_ANALYZER_NUMBER_OBJECT_CONVERSION = YES_AGGRESSIVE;
				CLANG_CXX_LANGUAGE_STANDARD = "gnu++17";
				CLANG_ENABLE_MODULES = YES;
				CLANG_ENABLE_OBJC_ARC = YES;
				CLANG_ENABLE_OBJC_WEAK = YES;
				CLANG_WARN_BLOCK_CAPTURE_AUTORELEASING = YES;
				CLANG_WARN_BOOL_CONVERSION = YES;
				CLANG_WARN_COMMA = YES;
				CLANG_WARN_CONSTANT_CONVERSION = YES;
				CLANG_WARN_DEPRECATED_OBJC_IMPLEMENTATIONS = YES;
				CLANG_WARN_DIRECT_OBJC_ISA_USAGE = YES_ERROR;
				CLANG_WARN_DOCUMENTATION_COMMENTS = YES;
				CLANG_WARN_EMPTY_BODY = YES;
				CLANG_WARN_ENUM_CONVERSION = YES;
				CLANG_WARN_INFINITE_RECURSION = YES;
				CLANG_WARN_INT_CONVERSION = YES;
				CLANG_WARN_NON_LITERAL_NULL_CONVERSION = YES;
				CLANG_WARN_OBJC_IMPLICIT_RETAIN_SELF = YES;
				CLANG_WARN_OBJC_LITERAL_CONVERSION = YES;
				CLANG_WARN_OBJC_ROOT_CLASS = YES_ERROR;
				CLANG_WARN_QUOTED_INCLUDE_IN_FRAMEWORK_HEADER = YES;
				CLANG_WARN_RANGE_LOOP_ANALYSIS = YES;
				CLANG_WARN_STRICT_PROTOTYPES = YES;
				CLANG_WARN_SUSPICIOUS_MOVE = YES;
				CLANG_WARN_UNGUARDED_AVAILABILITY = YES_AGGRESSIVE;
				CLANG_WARN_UNREACHABLE_CODE = YES;
				CLANG_WARN__DUPLICATE_METHOD_MATCH = YES;
				COPY_PHASE_STRIP = NO;
				DEBUG_INFORMATION_FORMAT = "dwarf-with-dsym";
				ENABLE_NS_ASSERTIONS = NO;
				ENABLE_STRICT_OBJC_MSGSEND = YES;
				GCC_C_LANGUAGE_STANDARD = gnu11;
				GCC_NO_COMMON_BLOCKS = YES;
				GCC_WARN_64_TO_32_BIT_CONVERSION = YES;
				GCC_WARN_ABOUT_RETURN_TYPE = YES_ERROR;
				GCC_WARN_UNDECLARED_SELECTOR = YES;
				GCC_WARN_UNINITIALIZED_AUTOS = YES_AGGRESSIVE;
				GCC_WARN_UNUSED_FUNCTION = YES;
				GCC_WARN_UNUSED_VARIABLE = YES;
				IPHONEOS_DEPLOYMENT_TARGET = 15.5;
				MTL_ENABLE_DEBUG_INFO = NO;
				MTL_FAST_MATH = YES;
				SDKROOT = iphoneos;
				SWIFT_COMPILATION_MODE = wholemodule;
				SWIFT_OPTIMIZATION_LEVEL = "-O";
				VALIDATE_PRODUCT = YES;
			};
			name = Release;
		};
		359114D829F6DA42002C7885 /* Debug */ = {
			isa = XCBuildConfiguration;
			buildSettings = {
				ASSETCATALOG_COMPILER_APPICON_NAME = AppIcon;
				ASSETCATALOG_COMPILER_GLOBAL_ACCENT_COLOR_NAME = AccentColor;
				CODE_SIGN_STYLE = Automatic;
				CURRENT_PROJECT_VERSION = 1;
				GENERATE_INFOPLIST_FILE = YES;
				INFOPLIST_FILE = CreateApp/Info.plist;
				INFOPLIST_KEY_UIApplicationSupportsIndirectInputEvents = YES;
				INFOPLIST_KEY_UILaunchStoryboardName = LaunchScreen;
				INFOPLIST_KEY_UISupportedInterfaceOrientations_iPad = "UIInterfaceOrientationPortrait UIInterfaceOrientationPortraitUpsideDown UIInterfaceOrientationLandscapeLeft UIInterfaceOrientationLandscapeRight";
				INFOPLIST_KEY_UISupportedInterfaceOrientations_iPhone = "UIInterfaceOrientationPortrait UIInterfaceOrientationLandscapeLeft UIInterfaceOrientationLandscapeRight";
				LD_RUNPATH_SEARCH_PATHS = (
					"$(inherited)",
					"@executable_path/Frameworks",
				);
				MARKETING_VERSION = 1.0;
				PRODUCT_BUNDLE_IDENTIFIER = "-.CreateApp";
				PRODUCT_NAME = "$(TARGET_NAME)";
				SWIFT_EMIT_LOC_STRINGS = YES;
				SWIFT_VERSION = 5.0;
				TARGETED_DEVICE_FAMILY = "1,2";
			};
			name = Debug;
		};
		359114D929F6DA42002C7885 /* Release */ = {
			isa = XCBuildConfiguration;
			buildSettings = {
				ASSETCATALOG_COMPILER_APPICON_NAME = AppIcon;
				ASSETCATALOG_COMPILER_GLOBAL_ACCENT_COLOR_NAME = AccentColor;
				CODE_SIGN_STYLE = Automatic;
				CURRENT_PROJECT_VERSION = 1;
				GENERATE_INFOPLIST_FILE = YES;
				INFOPLIST_FILE = CreateApp/Info.plist;
				INFOPLIST_KEY_UIApplicationSupportsIndirectInputEvents = YES;
				INFOPLIST_KEY_UILaunchStoryboardName = LaunchScreen;
				INFOPLIST_KEY_UISupportedInterfaceOrientations_iPad = "UIInterfaceOrientationPortrait UIInterfaceOrientationPortraitUpsideDown UIInterfaceOrientationLandscapeLeft UIInterfaceOrientationLandscapeRight";
				INFOPLIST_KEY_UISupportedInterfaceOrientations_iPhone = "UIInterfaceOrientationPortrait UIInterfaceOrientationLandscapeLeft UIInterfaceOrientationLandscapeRight";
				LD_RUNPATH_SEARCH_PATHS = (
					"$(inherited)",
					"@executable_path/Frameworks",
				);
				MARKETING_VERSION = 1.0;
				PRODUCT_BUNDLE_IDENTIFIER = "-.CreateApp";
				PRODUCT_NAME = "$(TARGET_NAME)";
				SWIFT_EMIT_LOC_STRINGS = YES;
				SWIFT_VERSION = 5.0;
				TARGETED_DEVICE_FAMILY = "1,2";
			};
			name = Release;
		};
/* End XCBuildConfiguration section */

/* Begin XCConfigurationList section */
		359114BE29F6DA39002C7885 /* Build configuration list for PBXProject "CreateApp" */ = {
			isa = XCConfigurationList;
			buildConfigurations = (
				359114D529F6DA42002C7885 /* Debug */,
				359114D629F6DA42002C7885 /* Release */,
			);
			defaultConfigurationIsVisible = 0;
			defaultConfigurationName = Release;
		};
		359114D729F6DA42002C7885 /* Build configuration list for PBXNativeTarget "CreateApp" */ = {
			isa = XCConfigurationList;
			buildConfigurations = (
				359114D829F6DA42002C7885 /* Debug */,
				359114D929F6DA42002C7885 /* Release */,
			);
			defaultConfigurationIsVisible = 0;
			defaultConfigurationName = Release;
		};
/* End XCConfigurationList section */
	};
	rootObject = 359114BB29F6DA39002C7885 /* Project object */;
}
